// !$*UTF8*$!
{
	archiveVersion = 1;
	classes = {
	};
	objectVersion = 46;
	objects = {

/* Begin PBXBuildFile section */
		DDD8B04919692E6B0012B250 /* books.json in Resources */ = {isa = PBXBuildFile; fileRef = DDD8B04819692E6B0012B250 /* books.json */; };
		DDD8B04B19692E740012B250 /* groups.json in Resources */ = {isa = PBXBuildFile; fileRef = DDD8B04A19692E740012B250 /* groups.json */; };
		DDE1B88F1968EFBB0089B591 /* bottom-menu-button@2x.png in Resources */ = {isa = PBXBuildFile; fileRef = DDE1B8891968EFBB0089B591 /* bottom-menu-button@2x.png */; };
		DDE1B8901968EFBB0089B591 /* bottom-switch-cs@2x.png in Resources */ = {isa = PBXBuildFile; fileRef = DDE1B88A1968EFBB0089B591 /* bottom-switch-cs@2x.png */; };
		DDE1B8911968EFBB0089B591 /* bottom-switch-rus@2x.png in Resources */ = {isa = PBXBuildFile; fileRef = DDE1B88B1968EFBB0089B591 /* bottom-switch-rus@2x.png */; };
		DDE1B8921968EFBB0089B591 /* group-1.png in Resources */ = {isa = PBXBuildFile; fileRef = DDE1B88C1968EFBB0089B591 /* group-1.png */; };
		DDE1B8931968EFBB0089B591 /* group-2.png in Resources */ = {isa = PBXBuildFile; fileRef = DDE1B88D1968EFBB0089B591 /* group-2.png */; };
		DDE1B8941968EFBB0089B591 /* group-3.png in Resources */ = {isa = PBXBuildFile; fileRef = DDE1B88E1968EFBB0089B591 /* group-3.png */; };
		DDEE4A9E1968ECA3001F3D0A /* Foundation.framework in Frameworks */ = {isa = PBXBuildFile; fileRef = DDEE4A9D1968ECA3001F3D0A /* Foundation.framework */; };
		DDEE4AA01968ECA3001F3D0A /* CoreGraphics.framework in Frameworks */ = {isa = PBXBuildFile; fileRef = DDEE4A9F1968ECA3001F3D0A /* CoreGraphics.framework */; };
		DDEE4AA21968ECA3001F3D0A /* UIKit.framework in Frameworks */ = {isa = PBXBuildFile; fileRef = DDEE4AA11968ECA3001F3D0A /* UIKit.framework */; };
		DDEE4AA81968ECA3001F3D0A /* InfoPlist.strings in Resources */ = {isa = PBXBuildFile; fileRef = DDEE4AA61968ECA3001F3D0A /* InfoPlist.strings */; };
		DDEE4AAA1968ECA3001F3D0A /* main.m in Sources */ = {isa = PBXBuildFile; fileRef = DDEE4AA91968ECA3001F3D0A /* main.m */; };
		DDEE4AAE1968ECA3001F3D0A /* AppDelegate.m in Sources */ = {isa = PBXBuildFile; fileRef = DDEE4AAD1968ECA3001F3D0A /* AppDelegate.m */; };
		DDEE4AB11968ECA3001F3D0A /* Main_iPhone.storyboard in Resources */ = {isa = PBXBuildFile; fileRef = DDEE4AAF1968ECA3001F3D0A /* Main_iPhone.storyboard */; };
		DDEE4AB71968ECA3001F3D0A /* MainViewController.m in Sources */ = {isa = PBXBuildFile; fileRef = DDEE4AB61968ECA3001F3D0A /* MainViewController.m */; };
		DDEE4AB91968ECA3001F3D0A /* Images.xcassets in Resources */ = {isa = PBXBuildFile; fileRef = DDEE4AB81968ECA3001F3D0A /* Images.xcassets */; };
		DDEE4AC01968ECA4001F3D0A /* XCTest.framework in Frameworks */ = {isa = PBXBuildFile; fileRef = DDEE4ABF1968ECA4001F3D0A /* XCTest.framework */; };
		DDEE4AC11968ECA4001F3D0A /* Foundation.framework in Frameworks */ = {isa = PBXBuildFile; fileRef = DDEE4A9D1968ECA3001F3D0A /* Foundation.framework */; };
		DDEE4AC21968ECA4001F3D0A /* UIKit.framework in Frameworks */ = {isa = PBXBuildFile; fileRef = DDEE4AA11968ECA3001F3D0A /* UIKit.framework */; };
		DDEE4ACA1968ECA4001F3D0A /* InfoPlist.strings in Resources */ = {isa = PBXBuildFile; fileRef = DDEE4AC81968ECA4001F3D0A /* InfoPlist.strings */; };
		DDEE4ACC1968ECA4001F3D0A /* iBibleTests.m in Sources */ = {isa = PBXBuildFile; fileRef = DDEE4ACB1968ECA4001F3D0A /* iBibleTests.m */; };
/* End PBXBuildFile section */

/* Begin PBXContainerItemProxy section */
		DDEE4AC31968ECA4001F3D0A /* PBXContainerItemProxy */ = {
			isa = PBXContainerItemProxy;
			containerPortal = DDEE4A921968ECA3001F3D0A /* Project object */;
			proxyType = 1;
			remoteGlobalIDString = DDEE4A991968ECA3001F3D0A;
			remoteInfo = iBible;
		};
/* End PBXContainerItemProxy section */

/* Begin PBXFileReference section */
		DDD8B04819692E6B0012B250 /* books.json */ = {isa = PBXFileReference; fileEncoding = 4; lastKnownFileType = text.json; path = books.json; sourceTree = "<group>"; };
		DDD8B04A19692E740012B250 /* groups.json */ = {isa = PBXFileReference; fileEncoding = 4; lastKnownFileType = text.json; path = groups.json; sourceTree = "<group>"; };
		DDE1B8891968EFBB0089B591 /* bottom-menu-button@2x.png */ = {isa = PBXFileReference; lastKnownFileType = image.png; path = "bottom-menu-button@2x.png"; sourceTree = "<group>"; };
		DDE1B88A1968EFBB0089B591 /* bottom-switch-cs@2x.png */ = {isa = PBXFileReference; lastKnownFileType = image.png; path = "bottom-switch-cs@2x.png"; sourceTree = "<group>"; };
		DDE1B88B1968EFBB0089B591 /* bottom-switch-rus@2x.png */ = {isa = PBXFileReference; lastKnownFileType = image.png; path = "bottom-switch-rus@2x.png"; sourceTree = "<group>"; };
		DDE1B88C1968EFBB0089B591 /* group-1.png */ = {isa = PBXFileReference; lastKnownFileType = image.png; path = "group-1.png"; sourceTree = "<group>"; };
		DDE1B88D1968EFBB0089B591 /* group-2.png */ = {isa = PBXFileReference; lastKnownFileType = image.png; path = "group-2.png"; sourceTree = "<group>"; };
		DDE1B88E1968EFBB0089B591 /* group-3.png */ = {isa = PBXFileReference; lastKnownFileType = image.png; path = "group-3.png"; sourceTree = "<group>"; };
		DDEE4A9A1968ECA3001F3D0A /* iBible.app */ = {isa = PBXFileReference; explicitFileType = wrapper.application; includeInIndex = 0; path = iBible.app; sourceTree = BUILT_PRODUCTS_DIR; };
		DDEE4A9D1968ECA3001F3D0A /* Foundation.framework */ = {isa = PBXFileReference; lastKnownFileType = wrapper.framework; name = Foundation.framework; path = System/Library/Frameworks/Foundation.framework; sourceTree = SDKROOT; };
		DDEE4A9F1968ECA3001F3D0A /* CoreGraphics.framework */ = {isa = PBXFileReference; lastKnownFileType = wrapper.framework; name = CoreGraphics.framework; path = System/Library/Frameworks/CoreGraphics.framework; sourceTree = SDKROOT; };
		DDEE4AA11968ECA3001F3D0A /* UIKit.framework */ = {isa = PBXFileReference; lastKnownFileType = wrapper.framework; name = UIKit.framework; path = System/Library/Frameworks/UIKit.framework; sourceTree = SDKROOT; };
		DDEE4AA51968ECA3001F3D0A /* iBible-Info.plist */ = {isa = PBXFileReference; lastKnownFileType = text.plist.xml; path = "iBible-Info.plist"; sourceTree = "<group>"; };
		DDEE4AA71968ECA3001F3D0A /* en */ = {isa = PBXFileReference; lastKnownFileType = text.plist.strings; name = en; path = en.lproj/InfoPlist.strings; sourceTree = "<group>"; };
		DDEE4AA91968ECA3001F3D0A /* main.m */ = {isa = PBXFileReference; lastKnownFileType = sourcecode.c.objc; path = main.m; sourceTree = "<group>"; };
		DDEE4AAB1968ECA3001F3D0A /* iBible-Prefix.pch */ = {isa = PBXFileReference; lastKnownFileType = sourcecode.c.h; path = "iBible-Prefix.pch"; sourceTree = "<group>"; };
		DDEE4AAC1968ECA3001F3D0A /* AppDelegate.h */ = {isa = PBXFileReference; lastKnownFileType = sourcecode.c.h; path = AppDelegate.h; sourceTree = "<group>"; };
		DDEE4AAD1968ECA3001F3D0A /* AppDelegate.m */ = {isa = PBXFileReference; lastKnownFileType = sourcecode.c.objc; path = AppDelegate.m; sourceTree = "<group>"; };
		DDEE4AB01968ECA3001F3D0A /* Base */ = {isa = PBXFileReference; lastKnownFileType = file.storyboard; name = Base; path = Base.lproj/Main_iPhone.storyboard; sourceTree = "<group>"; };
		DDEE4AB51968ECA3001F3D0A /* MainViewController.h */ = {isa = PBXFileReference; lastKnownFileType = sourcecode.c.h; path = MainViewController.h; sourceTree = "<group>"; };
		DDEE4AB61968ECA3001F3D0A /* MainViewController.m */ = {isa = PBXFileReference; lastKnownFileType = sourcecode.c.objc; path = MainViewController.m; sourceTree = "<group>"; };
		DDEE4AB81968ECA3001F3D0A /* Images.xcassets */ = {isa = PBXFileReference; lastKnownFileType = folder.assetcatalog; path = Images.xcassets; sourceTree = "<group>"; };
		DDEE4ABE1968ECA4001F3D0A /* iBibleTests.xctest */ = {isa = PBXFileReference; explicitFileType = wrapper.cfbundle; includeInIndex = 0; path = iBibleTests.xctest; sourceTree = BUILT_PRODUCTS_DIR; };
		DDEE4ABF1968ECA4001F3D0A /* XCTest.framework */ = {isa = PBXFileReference; lastKnownFileType = wrapper.framework; name = XCTest.framework; path = Library/Frameworks/XCTest.framework; sourceTree = DEVELOPER_DIR; };
		DDEE4AC71968ECA4001F3D0A /* iBibleTests-Info.plist */ = {isa = PBXFileReference; lastKnownFileType = text.plist.xml; path = "iBibleTests-Info.plist"; sourceTree = "<group>"; };
		DDEE4AC91968ECA4001F3D0A /* en */ = {isa = PBXFileReference; lastKnownFileType = text.plist.strings; name = en; path = en.lproj/InfoPlist.strings; sourceTree = "<group>"; };
		DDEE4ACB1968ECA4001F3D0A /* iBibleTests.m */ = {isa = PBXFileReference; lastKnownFileType = sourcecode.c.objc; path = iBibleTests.m; sourceTree = "<group>"; };
/* End PBXFileReference section */

/* Begin PBXFrameworksBuildPhase section */
		DDEE4A971968ECA3001F3D0A /* Frameworks */ = {
			isa = PBXFrameworksBuildPhase;
			buildActionMask = 2147483647;
			files = (
				DDEE4AA01968ECA3001F3D0A /* CoreGraphics.framework in Frameworks */,
				DDEE4AA21968ECA3001F3D0A /* UIKit.framework in Frameworks */,
				DDEE4A9E1968ECA3001F3D0A /* Foundation.framework in Frameworks */,
			);
			runOnlyForDeploymentPostprocessing = 0;
		};
		DDEE4ABB1968ECA4001F3D0A /* Frameworks */ = {
			isa = PBXFrameworksBuildPhase;
			buildActionMask = 2147483647;
			files = (
				DDEE4AC01968ECA4001F3D0A /* XCTest.framework in Frameworks */,
				DDEE4AC21968ECA4001F3D0A /* UIKit.framework in Frameworks */,
				DDEE4AC11968ECA4001F3D0A /* Foundation.framework in Frameworks */,
			);
			runOnlyForDeploymentPostprocessing = 0;
		};
/* End PBXFrameworksBuildPhase section */

/* Begin PBXGroup section */
		DDD8B04719692E360012B250 /* json */ = {
			isa = PBXGroup;
			children = (
				DDD8B04819692E6B0012B250 /* books.json */,
				DDD8B04A19692E740012B250 /* groups.json */,
			);
			name = json;
			sourceTree = "<group>";
		};
		DDE1B8881968EFAF0089B591 /* imgs */ = {
			isa = PBXGroup;
			children = (
				DDE1B8891968EFBB0089B591 /* bottom-menu-button@2x.png */,
				DDE1B88A1968EFBB0089B591 /* bottom-switch-cs@2x.png */,
				DDE1B88B1968EFBB0089B591 /* bottom-switch-rus@2x.png */,
				DDE1B88C1968EFBB0089B591 /* group-1.png */,
				DDE1B88D1968EFBB0089B591 /* group-2.png */,
				DDE1B88E1968EFBB0089B591 /* group-3.png */,
			);
			name = imgs;
			sourceTree = "<group>";
		};
		DDEE4A911968ECA3001F3D0A = {
			isa = PBXGroup;
			children = (
				DDD8B04719692E360012B250 /* json */,
				DDE1B8881968EFAF0089B591 /* imgs */,
				DDEE4AA31968ECA3001F3D0A /* iBible */,
				DDEE4AC51968ECA4001F3D0A /* iBibleTests */,
				DDEE4A9C1968ECA3001F3D0A /* Frameworks */,
				DDEE4A9B1968ECA3001F3D0A /* Products */,
			);
			sourceTree = "<group>";
		};
		DDEE4A9B1968ECA3001F3D0A /* Products */ = {
			isa = PBXGroup;
			children = (
				DDEE4A9A1968ECA3001F3D0A /* iBible.app */,
				DDEE4ABE1968ECA4001F3D0A /* iBibleTests.xctest */,
			);
			name = Products;
			sourceTree = "<group>";
		};
		DDEE4A9C1968ECA3001F3D0A /* Frameworks */ = {
			isa = PBXGroup;
			children = (
				DDEE4A9D1968ECA3001F3D0A /* Foundation.framework */,
				DDEE4A9F1968ECA3001F3D0A /* CoreGraphics.framework */,
				DDEE4AA11968ECA3001F3D0A /* UIKit.framework */,
				DDEE4ABF1968ECA4001F3D0A /* XCTest.framework */,
			);
			name = Frameworks;
			sourceTree = "<group>";
		};
		DDEE4AA31968ECA3001F3D0A /* iBible */ = {
			isa = PBXGroup;
			children = (
				DDEE4AAC1968ECA3001F3D0A /* AppDelegate.h */,
				DDEE4AAD1968ECA3001F3D0A /* AppDelegate.m */,
				DDEE4AAF1968ECA3001F3D0A /* Main_iPhone.storyboard */,
				DDEE4AB51968ECA3001F3D0A /* MainViewController.h */,
				DDEE4AB61968ECA3001F3D0A /* MainViewController.m */,
				DDEE4AB81968ECA3001F3D0A /* Images.xcassets */,
				DDEE4AA41968ECA3001F3D0A /* Supporting Files */,
			);
			path = iBible;
			sourceTree = "<group>";
		};
		DDEE4AA41968ECA3001F3D0A /* Supporting Files */ = {
			isa = PBXGroup;
			children = (
				DDEE4AA51968ECA3001F3D0A /* iBible-Info.plist */,
				DDEE4AA61968ECA3001F3D0A /* InfoPlist.strings */,
				DDEE4AA91968ECA3001F3D0A /* main.m */,
				DDEE4AAB1968ECA3001F3D0A /* iBible-Prefix.pch */,
			);
			name = "Supporting Files";
			sourceTree = "<group>";
		};
		DDEE4AC51968ECA4001F3D0A /* iBibleTests */ = {
			isa = PBXGroup;
			children = (
				DDEE4ACB1968ECA4001F3D0A /* iBibleTests.m */,
				DDEE4AC61968ECA4001F3D0A /* Supporting Files */,
			);
			path = iBibleTests;
			sourceTree = "<group>";
		};
		DDEE4AC61968ECA4001F3D0A /* Supporting Files */ = {
			isa = PBXGroup;
			children = (
				DDEE4AC71968ECA4001F3D0A /* iBibleTests-Info.plist */,
				DDEE4AC81968ECA4001F3D0A /* InfoPlist.strings */,
			);
			name = "Supporting Files";
			sourceTree = "<group>";
		};
/* End PBXGroup section */

/* Begin PBXNativeTarget section */
		DDEE4A991968ECA3001F3D0A /* iBible */ = {
			isa = PBXNativeTarget;
			buildConfigurationList = DDEE4ACF1968ECA4001F3D0A /* Build configuration list for PBXNativeTarget "iBible" */;
			buildPhases = (
				DDEE4A961968ECA3001F3D0A /* Sources */,
				DDEE4A971968ECA3001F3D0A /* Frameworks */,
				DDEE4A981968ECA3001F3D0A /* Resources */,
			);
			buildRules = (
			);
			dependencies = (
			);
			name = iBible;
			productName = iBible;
			productReference = DDEE4A9A1968ECA3001F3D0A /* iBible.app */;
			productType = "com.apple.product-type.application";
		};
		DDEE4ABD1968ECA4001F3D0A /* iBibleTests */ = {
			isa = PBXNativeTarget;
			buildConfigurationList = DDEE4AD21968ECA4001F3D0A /* Build configuration list for PBXNativeTarget "iBibleTests" */;
			buildPhases = (
				DDEE4ABA1968ECA4001F3D0A /* Sources */,
				DDEE4ABB1968ECA4001F3D0A /* Frameworks */,
				DDEE4ABC1968ECA4001F3D0A /* Resources */,
			);
			buildRules = (
			);
			dependencies = (
				DDEE4AC41968ECA4001F3D0A /* PBXTargetDependency */,
			);
			name = iBibleTests;
			productName = iBibleTests;
			productReference = DDEE4ABE1968ECA4001F3D0A /* iBibleTests.xctest */;
			productType = "com.apple.product-type.bundle.unit-test";
		};
/* End PBXNativeTarget section */

/* Begin PBXProject section */
		DDEE4A921968ECA3001F3D0A /* Project object */ = {
			isa = PBXProject;
			attributes = {
				LastUpgradeCheck = 0510;
				ORGANIZATIONNAME = "вадим";
				TargetAttributes = {
					DDEE4ABD1968ECA4001F3D0A = {
						TestTargetID = DDEE4A991968ECA3001F3D0A;
					};
				};
			};
			buildConfigurationList = DDEE4A951968ECA3001F3D0A /* Build configuration list for PBXProject "iBible" */;
			compatibilityVersion = "Xcode 3.2";
			developmentRegion = English;
			hasScannedForEncodings = 0;
			knownRegions = (
				en,
				Base,
			);
			mainGroup = DDEE4A911968ECA3001F3D0A;
			productRefGroup = DDEE4A9B1968ECA3001F3D0A /* Products */;
			projectDirPath = "";
			projectRoot = "";
			targets = (
				DDEE4A991968ECA3001F3D0A /* iBible */,
				DDEE4ABD1968ECA4001F3D0A /* iBibleTests */,
			);
		};
/* End PBXProject section */

/* Begin PBXResourcesBuildPhase section */
		DDEE4A981968ECA3001F3D0A /* Resources */ = {
			isa = PBXResourcesBuildPhase;
			buildActionMask = 2147483647;
			files = (
				DDD8B04919692E6B0012B250 /* books.json in Resources */,
				DDE1B8911968EFBB0089B591 /* bottom-switch-rus@2x.png in Resources */,
				DDE1B8921968EFBB0089B591 /* group-1.png in Resources */,
				DDEE4AB91968ECA3001F3D0A /* Images.xcassets in Resources */,
				DDE1B8931968EFBB0089B591 /* group-2.png in Resources */,
				DDEE4AB11968ECA3001F3D0A /* Main_iPhone.storyboard in Resources */,
				DDEE4AA81968ECA3001F3D0A /* InfoPlist.strings in Resources */,
				DDE1B8941968EFBB0089B591 /* group-3.png in Resources */,
				DDD8B04B19692E740012B250 /* groups.json in Resources */,
				DDE1B8901968EFBB0089B591 /* bottom-switch-cs@2x.png in Resources */,
				DDE1B88F1968EFBB0089B591 /* bottom-menu-button@2x.png in Resources */,
			);
			runOnlyForDeploymentPostprocessing = 0;
		};
		DDEE4ABC1968ECA4001F3D0A /* Resources */ = {
			isa = PBXResourcesBuildPhase;
			buildActionMask = 2147483647;
			files = (
				DDEE4ACA1968ECA4001F3D0A /* InfoPlist.strings in Resources */,
			);
			runOnlyForDeploymentPostprocessing = 0;
		};
/* End PBXResourcesBuildPhase section */

/* Begin PBXSourcesBuildPhase section */
		DDEE4A961968ECA3001F3D0A /* Sources */ = {
			isa = PBXSourcesBuildPhase;
			buildActionMask = 2147483647;
			files = (
				DDEE4AB71968ECA3001F3D0A /* MainViewController.m in Sources */,
				DDEE4AAE1968ECA3001F3D0A /* AppDelegate.m in Sources */,
				DDEE4AAA1968ECA3001F3D0A /* main.m in Sources */,
			);
			runOnlyForDeploymentPostprocessing = 0;
		};
		DDEE4ABA1968ECA4001F3D0A /* Sources */ = {
			isa = PBXSourcesBuildPhase;
			buildActionMask = 2147483647;
			files = (
				DDEE4ACC1968ECA4001F3D0A /* iBibleTests.m in Sources */,
			);
			runOnlyForDeploymentPostprocessing = 0;
		};
/* End PBXSourcesBuildPhase section */

/* Begin PBXTargetDependency section */
		DDEE4AC41968ECA4001F3D0A /* PBXTargetDependency */ = {
			isa = PBXTargetDependency;
			target = DDEE4A991968ECA3001F3D0A /* iBible */;
			targetProxy = DDEE4AC31968ECA4001F3D0A /* PBXContainerItemProxy */;
		};
/* End PBXTargetDependency section */

/* Begin PBXVariantGroup section */
		DDEE4AA61968ECA3001F3D0A /* InfoPlist.strings */ = {
			isa = PBXVariantGroup;
			children = (
				DDEE4AA71968ECA3001F3D0A /* en */,
			);
			name = InfoPlist.strings;
			sourceTree = "<group>";
		};
		DDEE4AAF1968ECA3001F3D0A /* Main_iPhone.storyboard */ = {
			isa = PBXVariantGroup;
			children = (
				DDEE4AB01968ECA3001F3D0A /* Base */,
			);
			name = Main_iPhone.storyboard;
			sourceTree = "<group>";
		};
		DDEE4AC81968ECA4001F3D0A /* InfoPlist.strings */ = {
			isa = PBXVariantGroup;
			children = (
				DDEE4AC91968ECA4001F3D0A /* en */,
			);
			name = InfoPlist.strings;
			sourceTree = "<group>";
		};
/* End PBXVariantGroup section */

/* Begin XCBuildConfiguration section */
		DDEE4ACD1968ECA4001F3D0A /* Debug */ = {
			isa = XCBuildConfiguration;
			buildSettings = {
				ALWAYS_SEARCH_USER_PATHS = NO;
				CLANG_CXX_LANGUAGE_STANDARD = "gnu++0x";
				CLANG_CXX_LIBRARY = "libc++";
				CLANG_ENABLE_MODULES = YES;
				CLANG_ENABLE_OBJC_ARC = YES;
				CLANG_WARN_BOOL_CONVERSION = YES;
				CLANG_WARN_CONSTANT_CONVERSION = YES;
				CLANG_WARN_DIRECT_OBJC_ISA_USAGE = YES_ERROR;
				CLANG_WARN_EMPTY_BODY = YES;
				CLANG_WARN_ENUM_CONVERSION = YES;
				CLANG_WARN_INT_CONVERSION = YES;
				CLANG_WARN_OBJC_ROOT_CLASS = YES_ERROR;
				CLANG_WARN__DUPLICATE_METHOD_MATCH = YES;
				"CODE_SIGN_IDENTITY[sdk=iphoneos*]" = "iPhone Developer";
				COPY_PHASE_STRIP = NO;
				GCC_C_LANGUAGE_STANDARD = gnu99;
				GCC_DYNAMIC_NO_PIC = NO;
				GCC_OPTIMIZATION_LEVEL = 0;
				GCC_PREPROCESSOR_DEFINITIONS = (
					"DEBUG=1",
					"$(inherited)",
				);
				GCC_SYMBOLS_PRIVATE_EXTERN = NO;
				GCC_WARN_64_TO_32_BIT_CONVERSION = YES;
				GCC_WARN_ABOUT_RETURN_TYPE = YES_ERROR;
				GCC_WARN_UNDECLARED_SELECTOR = YES;
				GCC_WARN_UNINITIALIZED_AUTOS = YES_AGGRESSIVE;
				GCC_WARN_UNUSED_FUNCTION = YES;
				GCC_WARN_UNUSED_VARIABLE = YES;
				IPHONEOS_DEPLOYMENT_TARGET = 7.1;
				ONLY_ACTIVE_ARCH = YES;
				SDKROOT = iphoneos;
				TARGETED_DEVICE_FAMILY = "1,2";
			};
			name = Debug;
		};
		DDEE4ACE1968ECA4001F3D0A /* Release */ = {
			isa = XCBuildConfiguration;
			buildSettings = {
				ALWAYS_SEARCH_USER_PATHS = NO;
				CLANG_CXX_LANGUAGE_STANDARD = "gnu++0x";
				CLANG_CXX_LIBRARY = "libc++";
				CLANG_ENABLE_MODULES = YES;
				CLANG_ENABLE_OBJC_ARC = YES;
				CLANG_WARN_BOOL_CONVERSION = YES;
				CLANG_WARN_CONSTANT_CONVERSION = YES;
				CLANG_WARN_DIRECT_OBJC_ISA_USAGE = YES_ERROR;
				CLANG_WARN_EMPTY_BODY = YES;
				CLANG_WARN_ENUM_CONVERSION = YES;
				CLANG_WARN_INT_CONVERSION = YES;
				CLANG_WARN_OBJC_ROOT_CLASS = YES_ERROR;
				CLANG_WARN__DUPLICATE_METHOD_MATCH = YES;
				"CODE_SIGN_IDENTITY[sdk=iphoneos*]" = "iPhone Developer";
				COPY_PHASE_STRIP = YES;
				ENABLE_NS_ASSERTIONS = NO;
				GCC_C_LANGUAGE_STANDARD = gnu99;
				GCC_WARN_64_TO_32_BIT_CONVERSION = YES;
				GCC_WARN_ABOUT_RETURN_TYPE = YES_ERROR;
				GCC_WARN_UNDECLARED_SELECTOR = YES;
				GCC_WARN_UNINITIALIZED_AUTOS = YES_AGGRESSIVE;
				GCC_WARN_UNUSED_FUNCTION = YES;
				GCC_WARN_UNUSED_VARIABLE = YES;
				IPHONEOS_DEPLOYMENT_TARGET = 7.1;
				SDKROOT = iphoneos;
				TARGETED_DEVICE_FAMILY = "1,2";
				VALIDATE_PRODUCT = YES;
			};
			name = Release;
		};
		DDEE4AD01968ECA4001F3D0A /* Debug */ = {
			isa = XCBuildConfiguration;
			buildSettings = {
				ASSETCATALOG_COMPILER_APPICON_NAME = AppIcon;
				ASSETCATALOG_COMPILER_LAUNCHIMAGE_NAME = LaunchImage;
				GCC_PRECOMPILE_PREFIX_HEADER = YES;
				GCC_PREFIX_HEADER = "iBible/iBible-Prefix.pch";
				INFOPLIST_FILE = "iBible/iBible-Info.plist";
				PRODUCT_NAME = "$(TARGET_NAME)";
				WRAPPER_EXTENSION = app;
			};
			name = Debug;
		};
		DDEE4AD11968ECA4001F3D0A /* Release */ = {
			isa = XCBuildConfiguration;
			buildSettings = {
				ASSETCATALOG_COMPILER_APPICON_NAME = AppIcon;
				ASSETCATALOG_COMPILER_LAUNCHIMAGE_NAME = LaunchImage;
				GCC_PRECOMPILE_PREFIX_HEADER = YES;
				GCC_PREFIX_HEADER = "iBible/iBible-Prefix.pch";
				INFOPLIST_FILE = "iBible/iBible-Info.plist";
				PRODUCT_NAME = "$(TARGET_NAME)";
				WRAPPER_EXTENSION = app;
			};
			name = Release;
		};
		DDEE4AD31968ECA4001F3D0A /* Debug */ = {
			isa = XCBuildConfiguration;
			buildSettings = {
				BUNDLE_LOADER = "$(BUILT_PRODUCTS_DIR)/iBible.app/iBible";
				FRAMEWORK_SEARCH_PATHS = (
					"$(SDKROOT)/Developer/Library/Frameworks",
					"$(inherited)",
					"$(DEVELOPER_FRAMEWORKS_DIR)",
				);
				GCC_PRECOMPILE_PREFIX_HEADER = YES;
				GCC_PREFIX_HEADER = "iBible/iBible-Prefix.pch";
				GCC_PREPROCESSOR_DEFINITIONS = (
					"DEBUG=1",
					"$(inherited)",
				);
				INFOPLIST_FILE = "iBibleTests/iBibleTests-Info.plist";
				PRODUCT_NAME = "$(TARGET_NAME)";
				TEST_HOST = "$(BUNDLE_LOADER)";
				WRAPPER_EXTENSION = xctest;
			};
			name = Debug;
		};
		DDEE4AD41968ECA4001F3D0A /* Release */ = {
			isa = XCBuildConfiguration;
			buildSettings = {
				BUNDLE_LOADER = "$(BUILT_PRODUCTS_DIR)/iBible.app/iBible";
				FRAMEWORK_SEARCH_PATHS = (
					"$(SDKROOT)/Developer/Library/Frameworks",
					"$(inherited)",
					"$(DEVELOPER_FRAMEWORKS_DIR)",
				);
				GCC_PRECOMPILE_PREFIX_HEADER = YES;
				GCC_PREFIX_HEADER = "iBible/iBible-Prefix.pch";
				INFOPLIST_FILE = "iBibleTests/iBibleTests-Info.plist";
				PRODUCT_NAME = "$(TARGET_NAME)";
				TEST_HOST = "$(BUNDLE_LOADER)";
				WRAPPER_EXTENSION = xctest;
			};
			name = Release;
		};
/* End XCBuildConfiguration section */

/* Begin XCConfigurationList section */
		DDEE4A951968ECA3001F3D0A /* Build configuration list for PBXProject "iBible" */ = {
			isa = XCConfigurationList;
			buildConfigurations = (
				DDEE4ACD1968ECA4001F3D0A /* Debug */,
				DDEE4ACE1968ECA4001F3D0A /* Release */,
			);
			defaultConfigurationIsVisible = 0;
			defaultConfigurationName = Release;
		};
		DDEE4ACF1968ECA4001F3D0A /* Build configuration list for PBXNativeTarget "iBible" */ = {
			isa = XCConfigurationList;
			buildConfigurations = (
				DDEE4AD01968ECA4001F3D0A /* Debug */,
				DDEE4AD11968ECA4001F3D0A /* Release */,
			);
			defaultConfigurationIsVisible = 0;
			defaultConfigurationName = Release;
		};
		DDEE4AD21968ECA4001F3D0A /* Build configuration list for PBXNativeTarget "iBibleTests" */ = {
			isa = XCConfigurationList;
			buildConfigurations = (
				DDEE4AD31968ECA4001F3D0A /* Debug */,
				DDEE4AD41968ECA4001F3D0A /* Release */,
			);
			defaultConfigurationIsVisible = 0;
			defaultConfigurationName = Release;
		};
/* End XCConfigurationList section */
	};
	rootObject = DDEE4A921968ECA3001F3D0A /* Project object */;
}
